
Microsoft Visual Studio Solution File, Format Version 12.00
# Visual Studio Version 16
VisualStudioVersion = 16.0.30225.117
MinimumVisualStudioVersion = 10.0.40219.1
Project("{2150E333-8FDC-42A3-9474-1A3956D46DE8}") = "Domain", "Domain", "{2C3B594F-A67F-4472-B101-2A76CA00C879}"
EndProject
Project("{2150E333-8FDC-42A3-9474-1A3956D46DE8}") = "Infra.IoC", "Infra.IoC", "{07DD199B-C1CA-4110-B2B8-3F3699F73E61}"
EndProject
Project("{2150E333-8FDC-42A3-9474-1A3956D46DE8}") = "Infra.Bus", "Infra.Bus", "{3BB7DD3E-1D54-43A9-ADD8-54301995F2FF}"
EndProject
Project("{2150E333-8FDC-42A3-9474-1A3956D46DE8}") = "Microservices", "Microservices", "{7F96B2BF-C094-4F4A-824C-EE4CC1BBAC16}"
EndProject
Project("{2150E333-8FDC-42A3-9474-1A3956D46DE8}") = "Presentation", "Presentation", "{987636D2-ABFC-45A5-9130-607351FE07EF}"
EndProject
Project("{FAE04EC0-301F-11D3-BF4B-00C04F79EFBC}") = "MicroRabbit.Domain.Core", "MicroRabbit.Domain.Core\MicroRabbit.Domain.Core.csproj", "{B10F1CD7-BF4A-48CF-B722-6679B40721CC}"
EndProject
Project("{FAE04EC0-301F-11D3-BF4B-00C04F79EFBC}") = "MicroRabbit.Infra.Bus", "MicroRabbit.Infra.Bus\MicroRabbit.Infra.Bus.csproj", "{38FA4A62-D990-4726-815F-B6D64DF350A9}"
EndProject
Project("{FAE04EC0-301F-11D3-BF4B-00C04F79EFBC}") = "MicroRabbit.Infra.IoC", "MicroRabbit.Infra.IoC\MicroRabbit.Infra.IoC.csproj", "{21285994-D5A0-4971-8FB7-C708B77A1EE8}"
EndProject
Project("{2150E333-8FDC-42A3-9474-1A3956D46DE8}") = "Banking", "Banking", "{EE79E5F2-6319-455A-9D72-ACA52D91C93A}"
EndProject
Project("{2150E333-8FDC-42A3-9474-1A3956D46DE8}") = "Api", "Api", "{57029BC3-CC50-458A-AF80-3D9E09635259}"
EndProject
Project("{2150E333-8FDC-42A3-9474-1A3956D46DE8}") = "Domain", "Domain", "{EA80275B-04C4-4A0D-B9E5-7579D330AB93}"
EndProject
Project("{2150E333-8FDC-42A3-9474-1A3956D46DE8}") = "Data", "Data", "{1406AEC0-8C1D-4A33-990E-A7530D2ECF2D}"
EndProject
Project("{2150E333-8FDC-42A3-9474-1A3956D46DE8}") = "Application", "Application", "{05720000-20E6-4FB0-A4E3-9B3070951953}"
EndProject
Project("{FAE04EC0-301F-11D3-BF4B-00C04F79EFBC}") = "MicroRabbit.Banking.Api", "MicroRabbit.Banking.Api\MicroRabbit.Banking.Api.csproj", "{0895F0A3-C996-4D83-9C34-EB852F06682E}"
EndProject
Project("{FAE04EC0-301F-11D3-BF4B-00C04F79EFBC}") = "MicroRabbit.Banking.Application", "MicroRabbit.Banking.Application\MicroRabbit.Banking.Application.csproj", "{7907722B-F6D5-4C6F-8906-5FF493753A75}"
EndProject
Project("{FAE04EC0-301F-11D3-BF4B-00C04F79EFBC}") = "MicroRabbit.Banking.Data", "MicroRabbit.Banking.Data\MicroRabbit.Banking.Data.csproj", "{2DA91349-B05E-4224-99C3-17F55FCF69CD}"
EndProject
Project("{FAE04EC0-301F-11D3-BF4B-00C04F79EFBC}") = "MicroRabbit.Banking.Domain", "MicroRabbit.Banking.Domain\MicroRabbit.Banking.Domain.csproj", "{32904201-C1B2-4ED1-AE2F-9D23481B1A55}"
EndProject
Global
	GlobalSection(SolutionConfigurationPlatforms) = preSolution
		Debug|Any CPU = Debug|Any CPU
		Release|Any CPU = Release|Any CPU
	EndGlobalSection
	GlobalSection(ProjectConfigurationPlatforms) = postSolution
		{B10F1CD7-BF4A-48CF-B722-6679B40721CC}.Debug|Any CPU.ActiveCfg = Debug|Any CPU
		{B10F1CD7-BF4A-48CF-B722-6679B40721CC}.Debug|Any CPU.Build.0 = Debug|Any CPU
		{B10F1CD7-BF4A-48CF-B722-6679B40721CC}.Release|Any CPU.ActiveCfg = Release|Any CPU
		{B10F1CD7-BF4A-48CF-B722-6679B40721CC}.Release|Any CPU.Build.0 = Release|Any CPU
		{38FA4A62-D990-4726-815F-B6D64DF350A9}.Debug|Any CPU.ActiveCfg = Debug|Any CPU
		{38FA4A62-D990-4726-815F-B6D64DF350A9}.Debug|Any CPU.Build.0 = Debug|Any CPU
		{38FA4A62-D990-4726-815F-B6D64DF350A9}.Release|Any CPU.ActiveCfg = Release|Any CPU
		{38FA4A62-D990-4726-815F-B6D64DF350A9}.Release|Any CPU.Build.0 = Release|Any CPU
		{21285994-D5A0-4971-8FB7-C708B77A1EE8}.Debug|Any CPU.ActiveCfg = Debug|Any CPU
		{21285994-D5A0-4971-8FB7-C708B77A1EE8}.Debug|Any CPU.Build.0 = Debug|Any CPU
		{21285994-D5A0-4971-8FB7-C708B77A1EE8}.Release|Any CPU.ActiveCfg = Release|Any CPU
		{21285994-D5A0-4971-8FB7-C708B77A1EE8}.Release|Any CPU.Build.0 = Release|Any CPU
		{0895F0A3-C996-4D83-9C34-EB852F06682E}.Debug|Any CPU.ActiveCfg = Debug|Any CPU
		{0895F0A3-C996-4D83-9C34-EB852F06682E}.Debug|Any CPU.Build.0 = Debug|Any CPU
		{0895F0A3-C996-4D83-9C34-EB852F06682E}.Release|Any CPU.ActiveCfg = Release|Any CPU
		{0895F0A3-C996-4D83-9C34-EB852F06682E}.Release|Any CPU.Build.0 = Release|Any CPU
		{7907722B-F6D5-4C6F-8906-5FF493753A75}.Debug|Any CPU.ActiveCfg = Debug|Any CPU
		{7907722B-F6D5-4C6F-8906-5FF493753A75}.Debug|Any CPU.Build.0 = Debug|Any CPU
		{7907722B-F6D5-4C6F-8906-5FF493753A75}.Release|Any CPU.ActiveCfg = Release|Any CPU
		{7907722B-F6D5-4C6F-8906-5FF493753A75}.Release|Any CPU.Build.0 = Release|Any CPU
		{2DA91349-B05E-4224-99C3-17F55FCF69CD}.Debug|Any CPU.ActiveCfg = Debug|Any CPU
		{2DA91349-B05E-4224-99C3-17F55FCF69CD}.Debug|Any CPU.Build.0 = Debug|Any CPU
		{2DA91349-B05E-4224-99C3-17F55FCF69CD}.Release|Any CPU.ActiveCfg = Release|Any CPU
		{2DA91349-B05E-4224-99C3-17F55FCF69CD}.Release|Any CPU.Build.0 = Release|Any CPU
		{32904201-C1B2-4ED1-AE2F-9D23481B1A55}.Debug|Any CPU.ActiveCfg = Debug|Any CPU
		{32904201-C1B2-4ED1-AE2F-9D23481B1A55}.Debug|Any CPU.Build.0 = Debug|Any CPU
		{32904201-C1B2-4ED1-AE2F-9D23481B1A55}.Release|Any CPU.ActiveCfg = Release|Any CPU
		{32904201-C1B2-4ED1-AE2F-9D23481B1A55}.Release|Any CPU.Build.0 = Release|Any CPU
	EndGlobalSection
	GlobalSection(SolutionProperties) = preSolution
		HideSolutionNode = FALSE
	EndGlobalSection
	GlobalSection(NestedProjects) = preSolution
		{B10F1CD7-BF4A-48CF-B722-6679B40721CC} = {2C3B594F-A67F-4472-B101-2A76CA00C879}
		{38FA4A62-D990-4726-815F-B6D64DF350A9} = {3BB7DD3E-1D54-43A9-ADD8-54301995F2FF}
		{21285994-D5A0-4971-8FB7-C708B77A1EE8} = {07DD199B-C1CA-4110-B2B8-3F3699F73E61}
		{EE79E5F2-6319-455A-9D72-ACA52D91C93A} = {7F96B2BF-C094-4F4A-824C-EE4CC1BBAC16}
		{57029BC3-CC50-458A-AF80-3D9E09635259} = {EE79E5F2-6319-455A-9D72-ACA52D91C93A}
		{EA80275B-04C4-4A0D-B9E5-7579D330AB93} = {EE79E5F2-6319-455A-9D72-ACA52D91C93A}
		{1406AEC0-8C1D-4A33-990E-A7530D2ECF2D} = {EE79E5F2-6319-455A-9D72-ACA52D91C93A}
		{05720000-20E6-4FB0-A4E3-9B3070951953} = {EE79E5F2-6319-455A-9D72-ACA52D91C93A}
		{0895F0A3-C996-4D83-9C34-EB852F06682E} = {57029BC3-CC50-458A-AF80-3D9E09635259}
		{7907722B-F6D5-4C6F-8906-5FF493753A75} = {05720000-20E6-4FB0-A4E3-9B3070951953}
		{2DA91349-B05E-4224-99C3-17F55FCF69CD} = {1406AEC0-8C1D-4A33-990E-A7530D2ECF2D}
		{32904201-C1B2-4ED1-AE2F-9D23481B1A55} = {EA80275B-04C4-4A0D-B9E5-7579D330AB93}
	EndGlobalSection
	GlobalSection(ExtensibilityGlobals) = postSolution
		SolutionGuid = {20EAC6B3-BC2E-4ED4-99BF-E979439733DA}
	EndGlobalSection
EndGlobal
